
Microsoft Visual Studio Solution File, Format Version 12.00
# Visual Studio Version 16
VisualStudioVersion = 16.0.29806.167
MinimumVisualStudioVersion = 10.0.40219.1
Project("{FAE04EC0-301F-11D3-BF4B-00C04F79EFBC}") = "Lab2_1223319_1003519", "Lab2_1223319_1003519\Lab2_1223319_1003519.csproj", "{0514DEAB-6B41-4928-8762-954A85D25688}"
EndProject
Project("{FAE04EC0-301F-11D3-BF4B-00C04F79EFBC}") = "CustomGenerics", "CustomGenerics\CustomGenerics.csproj", "{1F3A0895-7A72-4A85-AC96-E9A6411BF683}"
EndProject
Global
	GlobalSection(SolutionConfigurationPlatforms) = preSolution
		Debug|Any CPU = Debug|Any CPU
		Release|Any CPU = Release|Any CPU
	EndGlobalSection
	GlobalSection(ProjectConfigurationPlatforms) = postSolution
		{0514DEAB-6B41-4928-8762-954A85D25688}.Debug|Any CPU.ActiveCfg = Debug|Any CPU
		{0514DEAB-6B41-4928-8762-954A85D25688}.Debug|Any CPU.Build.0 = Debug|Any CPU
		{0514DEAB-6B41-4928-8762-954A85D25688}.Release|Any CPU.ActiveCfg = Release|Any CPU
		{0514DEAB-6B41-4928-8762-954A85D25688}.Release|Any CPU.Build.0 = Release|Any CPU
		{1F3A0895-7A72-4A85-AC96-E9A6411BF683}.Debug|Any CPU.ActiveCfg = Debug|Any CPU
		{1F3A0895-7A72-4A85-AC96-E9A6411BF683}.Debug|Any CPU.Build.0 = Debug|Any CPU
		{1F3A0895-7A72-4A85-AC96-E9A6411BF683}.Release|Any CPU.ActiveCfg = Release|Any CPU
		{1F3A0895-7A72-4A85-AC96-E9A6411BF683}.Release|Any CPU.Build.0 = Release|Any CPU
	EndGlobalSection
	GlobalSection(SolutionProperties) = preSolution
		HideSolutionNode = FALSE
	EndGlobalSection
	GlobalSection(ExtensibilityGlobals) = postSolution
		SolutionGuid = {2081138D-FA19-458E-9C03-BBEE8D8672F6}
	EndGlobalSection
EndGlobal
